
Microsoft Visual Studio Solution File, Format Version 12.00
# Visual Studio Version 16
VisualStudioVersion = 25.0.1704.5
MinimumVisualStudioVersion = 10.0.40219.1
Project("{FAE04EC0-301F-11D3-BF4B-00C04F79EFBC}") = "Terminal_video_player", "Terminal_video_player.csproj", "{0BA15BFF-1DAB-47E5-BE26-21E1DC984CA4}"
EndProject
Global
	GlobalSection(SolutionConfigurationPlatforms) = preSolution
		Debug|Any CPU = Debug|Any CPU
		Release|Any CPU = Release|Any CPU
	EndGlobalSection
	GlobalSection(ProjectConfigurationPlatforms) = postSolution
		{0BA15BFF-1DAB-47E5-BE26-21E1DC984CA4}.Debug|Any CPU.ActiveCfg = Debug|Any CPU
		{0BA15BFF-1DAB-47E5-BE26-21E1DC984CA4}.Debug|Any CPU.Build.0 = Debug|Any CPU
		{0BA15BFF-1DAB-47E5-BE26-21E1DC984CA4}.Release|Any CPU.ActiveCfg = Release|Any CPU
		{0BA15BFF-1DAB-47E5-BE26-21E1DC984CA4}.Release|Any CPU.Build.0 = Release|Any CPU
	EndGlobalSection
	GlobalSection(SolutionProperties) = preSolution
		HideSolutionNode = FALSE
	EndGlobalSection
	GlobalSection(ExtensibilityGlobals) = postSolution
		SolutionGuid = {41C65648-5328-447C-BA8B-09C8C0B4B045}
	EndGlobalSection
EndGlobal
